
Microsoft Visual Studio Solution File, Format Version 12.00
# Visual Studio Version 17
VisualStudioVersion = 17.7.34018.315
MinimumVisualStudioVersion = 10.0.40219.1
Project("{2150E333-8FDC-42A3-9474-1A3956D46DE8}") = "Backend", "Backend", "{3D79A592-4E77-4F7F-9841-D91801B50A5A}"
EndProject
Project("{9A19103F-16F7-4668-BE54-9A1E7A4F7556}") = "AuctionService", "Backend\AuctionService\AuctionService.csproj", "{4D9F0665-57FC-41C1-83F1-D4D633808C76}"
EndProject
Project("{E53339B2-1760-4266-BCC7-CA923CBCF16C}") = "docker-compose", "docker-compose.dcproj", "{91F6CBC8-CF98-4AAC-B319-EF4739E192B9}"
EndProject
Global
	GlobalSection(SolutionConfigurationPlatforms) = preSolution
		Debug|Any CPU = Debug|Any CPU
		Release|Any CPU = Release|Any CPU
	EndGlobalSection
	GlobalSection(ProjectConfigurationPlatforms) = postSolution
		{4D9F0665-57FC-41C1-83F1-D4D633808C76}.Debug|Any CPU.ActiveCfg = Debug|Any CPU
		{4D9F0665-57FC-41C1-83F1-D4D633808C76}.Debug|Any CPU.Build.0 = Debug|Any CPU
		{4D9F0665-57FC-41C1-83F1-D4D633808C76}.Release|Any CPU.ActiveCfg = Release|Any CPU
		{4D9F0665-57FC-41C1-83F1-D4D633808C76}.Release|Any CPU.Build.0 = Release|Any CPU
		{91F6CBC8-CF98-4AAC-B319-EF4739E192B9}.Debug|Any CPU.ActiveCfg = Debug|Any CPU
		{91F6CBC8-CF98-4AAC-B319-EF4739E192B9}.Debug|Any CPU.Build.0 = Debug|Any CPU
		{91F6CBC8-CF98-4AAC-B319-EF4739E192B9}.Release|Any CPU.ActiveCfg = Release|Any CPU
		{91F6CBC8-CF98-4AAC-B319-EF4739E192B9}.Release|Any CPU.Build.0 = Release|Any CPU
	EndGlobalSection
	GlobalSection(SolutionProperties) = preSolution
		HideSolutionNode = FALSE
	EndGlobalSection
	GlobalSection(NestedProjects) = preSolution
		{4D9F0665-57FC-41C1-83F1-D4D633808C76} = {3D79A592-4E77-4F7F-9841-D91801B50A5A}
		{91F6CBC8-CF98-4AAC-B319-EF4739E192B9} = {3D79A592-4E77-4F7F-9841-D91801B50A5A}
	EndGlobalSection
	GlobalSection(ExtensibilityGlobals) = postSolution
		SolutionGuid = {4C7D2A4D-D75E-4903-9CC5-CFCE55803EDF}
	EndGlobalSection
EndGlobal
